<?xml version="1.0" encoding="utf-8"?>
<Project ToolsVersion="4.0" xmlns="http://schemas.microsoft.com/developer/msbuild/2003">
  <ItemGroup>
    <Filter Include="Source Files">
      <UniqueIdentifier>{4FC737F1-C7A5-4376-A066-2A32D752A2FF}</UniqueIdentifier>
      <Extensions>cpp;c;cc;cxx;c++;cppm;ixx;def;odl;idl;hpj;bat;asm;asmx</Extensions>
    </Filter>
    <Filter Include="Header Files">
      <UniqueIdentifier>{93995380-89BD-4b04-88EB-625FBE52EBFB}</UniqueIdentifier>
      <Extensions>h;hh;hpp;hxx;h++;hm;inl;inc;ipp;xsd</Extensions>
    </Filter>
    <Filter Include="imgui">
      <UniqueIdentifier>{e1c7faa6-db69-41a8-8f00-c0f59cb5c114}</UniqueIdentifier>
    </Filter>
    <Filter Include="fileDialog">
      <UniqueIdentifier>{709cb210-b9f6-455c-b32f-37ec6ee957dd}</UniqueIdentifier>
    </Filter>
    <Filter Include="SoundTouch">
      <UniqueIdentifier>{739ef502-b225-4e32-a5dc-2c0c2b88d9b4}</UniqueIdentifier>
    </Filter>
    <Filter Include="SoundTouch\src">
      <UniqueIdentifier>{b7c7c450-9ab4-4a3e-bd45-9fb391e655fa}</UniqueIdentifier>
    </Filter>
    <Filter Include="SoundTouch\include">
      <UniqueIdentifier>{2321e4d2-e6f3-40b1-b576-456ef7175861}</UniqueIdentifier>
    </Filter>
    <Filter Include="Logging">
      <UniqueIdentifier>{bd802786-59ad-4457-898c-2fa648e24cc1}</UniqueIdentifier>
    </Filter>
    <Filter Include="Logging\plog">
      <UniqueIdentifier>{0e9e5360-54a6-40fc-9af5-3298ce6511cb}</UniqueIdentifier>
    </Filter>
    <Filter Include="SoundTouch\Resource Files">
      <UniqueIdentifier>{67DA6AB6-F800-4c08-8B7A-83BB121AAD01}</UniqueIdentifier>
      <Extensions>rc;ico;cur;bmp;dlg;rc2;rct;bin;rgs;gif;jpg;jpeg;jpe;resx;tiff;tif;png;wav;mfcribbon-ms</Extensions>
    </Filter>
    <Filter Include="fsm">
      <UniqueIdentifier>{39cd365e-213f-4d29-a12c-ec980f9e0a65}</UniqueIdentifier>
    </Filter>
  </ItemGroup>
  <ItemGroup>
    <ClCompile Include="main.cpp">
      <Filter>Source Files</Filter>
    </ClCompile>
    <ClCompile Include="Parser.cpp">
      <Filter>Source Files</Filter>
    </ClCompile>
    <ClCompile Include="EditWindow.cpp">
      <Filter>Source Files</Filter>
    </ClCompile>
    <ClCompile Include="StatusBar.cpp">
      <Filter>Source Files</Filter>
    </ClCompile>
    <ClCompile Include="ToolWindow.cpp">
      <Filter>Source Files</Filter>
    </ClCompile>
    <ClCompile Include="imgui\imgui.cpp">
      <Filter>imgui</Filter>
    </ClCompile>
    <ClCompile Include="imgui\imgui_demo.cpp">
      <Filter>imgui</Filter>
    </ClCompile>
    <ClCompile Include="imgui\imgui_draw.cpp">
      <Filter>imgui</Filter>
    </ClCompile>
    <ClCompile Include="imgui\imgui_tables.cpp">
      <Filter>imgui</Filter>
    </ClCompile>
    <ClCompile Include="imgui\imgui_widgets.cpp">
      <Filter>imgui</Filter>
    </ClCompile>
    <ClCompile Include="fileDialog\ImGuiFileDialog.cpp">
      <Filter>imgui</Filter>
    </ClCompile>
    <ClCompile Include="imgui\imgui-SFML.cpp">
      <Filter>imgui</Filter>
    </ClCompile>
    <ClCompile Include="AudioManager.cpp">
      <Filter>Source Files</Filter>
    </ClCompile>
    <ClCompile Include="Chart.cpp">
      <Filter>Source Files</Filter>
    </ClCompile>
    <ClCompile Include="soundtouch\src\AAFilter.cpp">
      <Filter>SoundTouch\src</Filter>
    </ClCompile>
    <ClCompile Include="soundtouch\src\BPMDetect.cpp">
      <Filter>SoundTouch\src</Filter>
    </ClCompile>
    <ClCompile Include="soundtouch\src\cpu_detect_x86.cpp">
      <Filter>SoundTouch\src</Filter>
    </ClCompile>
    <ClCompile Include="soundtouch\src\FIFOSampleBuffer.cpp">
      <Filter>SoundTouch\src</Filter>
    </ClCompile>
    <ClCompile Include="soundtouch\src\InterpolateCubic.cpp">
      <Filter>SoundTouch\src</Filter>
    </ClCompile>
    <ClCompile Include="soundtouch\src\InterpolateLinear.cpp">
      <Filter>SoundTouch\src</Filter>
    </ClCompile>
    <ClCompile Include="soundtouch\src\InterpolateShannon.cpp">
      <Filter>SoundTouch\src</Filter>
    </ClCompile>
    <ClCompile Include="soundtouch\src\mmx_optimized.cpp">
      <Filter>SoundTouch\src</Filter>
    </ClCompile>
    <ClCompile Include="soundtouch\src\PeakFinder.cpp">
      <Filter>SoundTouch\src</Filter>
    </ClCompile>
    <ClCompile Include="soundtouch\src\RateTransposer.cpp">
      <Filter>SoundTouch\src</Filter>
    </ClCompile>
    <ClCompile Include="soundtouch\src\SoundTouch.cpp">
      <Filter>SoundTouch\src</Filter>
    </ClCompile>
    <ClCompile Include="soundtouch\src\sse_optimized.cpp">
      <Filter>SoundTouch\src</Filter>
    </ClCompile>
    <ClCompile Include="soundtouch\src\TDStretch.cpp">
      <Filter>SoundTouch\src</Filter>
    </ClCompile>
    <ClCompile Include="soundtouch\src\FIRFilter.cpp">
      <Filter>SoundTouch\src</Filter>
    </ClCompile>
    <ClCompile Include="ChartLine.cpp">
      <Filter>Source Files</Filter>
    </ClCompile>
    <ClCompile Include="ToolBar.cpp">
      <Filter>Source Files</Filter>
    </ClCompile>
    <ClCompile Include="ScrubBar.cpp">
      <Filter>Source Files</Filter>
    </ClCompile>
    <ClCompile Include="Input.cpp">
      <Filter>Source Files</Filter>
    </ClCompile>
    <ClCompile Include="Unique.cpp">
      <Filter>Source Files</Filter>
    </ClCompile>
    <ClCompile Include="Bezier.cpp">
      <Filter>Source Files</Filter>
    </ClCompile>
    <ClCompile Include="MouseInfo.cpp">
      <Filter>Source Files</Filter>
    </ClCompile>
    <ClCompile Include="FontManager.cpp">
      <Filter>Source Files</Filter>
    </ClCompile>
    <ClCompile Include="GameControl.cpp">
      <Filter>Source Files</Filter>
    </ClCompile>
    <ClCompile Include="ChartDisplay.cpp">
      <Filter>Source Files</Filter>
    </ClCompile>
  </ItemGroup>
  <ItemGroup>
    <ClInclude Include="EditWindow.h">
      <Filter>Header Files</Filter>
    </ClInclude>
    <ClInclude Include="StatusBar.h">
      <Filter>Header Files</Filter>
    </ClInclude>
    <ClInclude Include="Enums.h">
      <Filter>Header Files</Filter>
    </ClInclude>
    <ClInclude Include="Structs.h">
      <Filter>Header Files</Filter>
    </ClInclude>
    <ClInclude Include="fileDialog\ImGuiFileDialog.h">
      <Filter>fileDialog</Filter>
    </ClInclude>
    <ClInclude Include="fileDialog\ImGuiFileDialogConfig.h">
      <Filter>fileDialog</Filter>
    </ClInclude>
    <ClInclude Include="fileDialog\dirent\dirent.h">
      <Filter>fileDialog</Filter>
    </ClInclude>
    <ClInclude Include="ToolWindow.h">
      <Filter>Header Files</Filter>
    </ClInclude>
    <ClInclude Include="imgui\imstb_truetype.h">
      <Filter>imgui</Filter>
    </ClInclude>
    <ClInclude Include="imgui\imconfig.h">
      <Filter>imgui</Filter>
    </ClInclude>
    <ClInclude Include="imgui\imconfig-SFML.h">
      <Filter>imgui</Filter>
    </ClInclude>
    <ClInclude Include="imgui\imgui.h">
      <Filter>imgui</Filter>
    </ClInclude>
    <ClInclude Include="imgui\imgui_internal.h">
      <Filter>imgui</Filter>
    </ClInclude>
    <ClInclude Include="imgui\imgui-SFML.h">
      <Filter>imgui</Filter>
    </ClInclude>
    <ClInclude Include="imgui\imgui-SFML_export.h">
      <Filter>imgui</Filter>
    </ClInclude>
    <ClInclude Include="imgui\imstb_rectpack.h">
      <Filter>imgui</Filter>
    </ClInclude>
    <ClInclude Include="imgui\imstb_textedit.h">
      <Filter>imgui</Filter>
    </ClInclude>
    <ClInclude Include="Chart.h">
      <Filter>Header Files</Filter>
    </ClInclude>
    <ClInclude Include="Parser.h">
      <Filter>Header Files</Filter>
    </ClInclude>
    <ClInclude Include="soundtouch\src\AAFilter.h">
      <Filter>SoundTouch\include</Filter>
    </ClInclude>
    <ClInclude Include="soundtouch\include\BPMDetect.h">
      <Filter>SoundTouch\include</Filter>
    </ClInclude>
    <ClInclude Include="soundtouch\src\cpu_detect.h">
      <Filter>SoundTouch\include</Filter>
    </ClInclude>
    <ClInclude Include="soundtouch\include\FIFOSampleBuffer.h">
      <Filter>SoundTouch\include</Filter>
    </ClInclude>
    <ClInclude Include="soundtouch\include\FIFOSamplePipe.h">
      <Filter>SoundTouch\include</Filter>
    </ClInclude>
    <ClInclude Include="soundtouch\src\FIRFilter.h">
      <Filter>SoundTouch\include</Filter>
    </ClInclude>
    <ClInclude Include="soundtouch\src\InterpolateCubic.h">
      <Filter>SoundTouch\include</Filter>
    </ClInclude>
    <ClInclude Include="soundtouch\src\InterpolateLinear.h">
      <Filter>SoundTouch\include</Filter>
    </ClInclude>
    <ClInclude Include="soundtouch\src\InterpolateShannon.h">
      <Filter>SoundTouch\include</Filter>
    </ClInclude>
    <ClInclude Include="soundtouch\src\PeakFinder.h">
      <Filter>SoundTouch\include</Filter>
    </ClInclude>
    <ClInclude Include="soundtouch\src\RateTransposer.h">
      <Filter>SoundTouch\include</Filter>
    </ClInclude>
    <ClInclude Include="soundtouch\include\SoundTouch.h">
      <Filter>SoundTouch\include</Filter>
    </ClInclude>
    <ClInclude Include="soundtouch\include\soundtouch_config.h">
      <Filter>SoundTouch\include</Filter>
    </ClInclude>
    <ClInclude Include="soundtouch\src\TDStretch.h">
      <Filter>SoundTouch\include</Filter>
    </ClInclude>
    <ClInclude Include="soundtouch\include\STTypes.h">
      <Filter>SoundTouch\include</Filter>
    </ClInclude>
    <ClInclude Include="ChartLine.h">
      <Filter>Header Files</Filter>
    </ClInclude>
    <ClInclude Include="ToolBar.h">
      <Filter>Header Files</Filter>
    </ClInclude>
    <ClInclude Include="ScrubBar.h">
      <Filter>Header Files</Filter>
    </ClInclude>
    <ClInclude Include="Logging\plog\Appenders\AndroidAppender.h">
      <Filter>Logging\plog</Filter>
    </ClInclude>
    <ClInclude Include="Logging\plog\Helpers\AscDump.h">
      <Filter>Logging\plog</Filter>
    </ClInclude>
    <ClInclude Include="Logging\plog\Appenders\ColorConsoleAppender.h">
      <Filter>Logging\plog</Filter>
    </ClInclude>
    <ClInclude Include="Logging\plog\Appenders\ConsoleAppender.h">
      <Filter>Logging\plog</Filter>
    </ClInclude>
    <ClInclude Include="Logging\plog\Initializers\ConsoleInitializer.h">
      <Filter>Logging\plog</Filter>
    </ClInclude>
    <ClInclude Include="Logging\plog\Formatters\CsvFormatter.h">
      <Filter>Logging\plog</Filter>
    </ClInclude>
    <ClInclude Include="Logging\plog\Appenders\DebugOutputAppender.h">
      <Filter>Logging\plog</Filter>
    </ClInclude>
    <ClInclude Include="Logging\plog\Appenders\DynamicAppender.h">
      <Filter>Logging\plog</Filter>
    </ClInclude>
    <ClInclude Include="Logging\plog\Appenders\EventLogAppender.h">
      <Filter>Logging\plog</Filter>
    </ClInclude>
    <ClInclude Include="Logging\plog\Formatters\FuncMessageFormatter.h">
      <Filter>Logging\plog</Filter>
    </ClInclude>
    <ClInclude Include="Logging\plog\Helpers\HexDump.h">
      <Filter>Logging\plog</Filter>
    </ClInclude>
    <ClInclude Include="Logging\plog\Appenders\IAppender.h">
      <Filter>Logging\plog</Filter>
    </ClInclude>
    <ClInclude Include="Logging\plog\Init.h">
      <Filter>Logging\plog</Filter>
    </ClInclude>
    <ClInclude Include="Logging\plog\Log.h">
      <Filter>Logging\plog</Filter>
    </ClInclude>
    <ClInclude Include="Logging\plog\Logger.h">
      <Filter>Logging\plog</Filter>
    </ClInclude>
    <ClInclude Include="Logging\plog\Formatters\MessageOnlyFormatter.h">
      <Filter>Logging\plog</Filter>
    </ClInclude>
    <ClInclude Include="Logging\plog\Converters\NativeEOLConverter.h">
      <Filter>Logging\plog</Filter>
    </ClInclude>
    <ClInclude Include="Logging\plog\Helpers\PrintVar.h">
      <Filter>Logging\plog</Filter>
    </ClInclude>
    <ClInclude Include="Logging\plog\Record.h">
      <Filter>Logging\plog</Filter>
    </ClInclude>
    <ClInclude Include="Logging\plog\Appenders\RollingFileAppender.h">
      <Filter>Logging\plog</Filter>
    </ClInclude>
    <ClInclude Include="Logging\plog\Initializers\RollingFileInitializer.h">
      <Filter>Logging\plog</Filter>
    </ClInclude>
    <ClInclude Include="Logging\plog\Severity.h">
      <Filter>Logging\plog</Filter>
    </ClInclude>
    <ClInclude Include="Logging\plog\Formatters\TxtFormatter.h">
      <Filter>Logging\plog</Filter>
    </ClInclude>
    <ClInclude Include="Logging\plog\Converters\UTF8Converter.h">
      <Filter>Logging\plog</Filter>
    </ClInclude>
    <ClInclude Include="Logging\plog\Util.h">
      <Filter>Logging\plog</Filter>
    </ClInclude>
    <ClInclude Include="Logging\plog\WinApi.h">
      <Filter>Logging\plog</Filter>
    </ClInclude>
    <ClInclude Include="Config.h">
      <Filter>Header Files</Filter>
    </ClInclude>
    <ClInclude Include="Input.h">
      <Filter>Header Files</Filter>
    </ClInclude>
    <ClInclude Include="Unique.h">
      <Filter>Header Files</Filter>
    </ClInclude>
    <ClInclude Include="Bezier.h">
      <Filter>Header Files</Filter>
    </ClInclude>
    <ClInclude Include="MouseInfo.h">
      <Filter>Header Files</Filter>
    </ClInclude>
    <ClInclude Include="AudioManager.h">
      <Filter>Header Files</Filter>
    </ClInclude>
    <ClInclude Include="FontManager.h">
      <Filter>Header Files</Filter>
    </ClInclude>
    <ClInclude Include="GameControl.h">
      <Filter>Header Files</Filter>
    </ClInclude>
    <ClInclude Include="ChartDisplay.h">
      <Filter>Header Files</Filter>
    </ClInclude>
    <ClInclude Include="include\tinyfsm.hpp">
      <Filter>fsm</Filter>
    </ClInclude>
    <ClInclude Include="fsmlist.h">
      <Filter>fsm</Filter>
    </ClInclude>
  </ItemGroup>
</Project>